{
  "name": "@sugoi/orm",
  "version": "2.0.2",
  "lockfileVersion": 1,
  "requires": true,
  "dependencies": {
    "@sugoi/core": {
      "version": "2.1.3",
      "resolved": "https://registry.npmjs.org/@sugoi/core/-/core-2.1.3.tgz",
      "integrity": "sha512-IZbe6/QMcHLgXBiSCT7lIXpbSNmM/DMsozli+PPL/oLEmCeWMXfc/A2/qlLGTbghBz+hD/3P/uQi9fMF5In0Qg==",
      "requires": {
        "inversify": "4.13.0",
        "reflect-metadata": "0.1.12"
      }
    },
    "inversify": {
      "version": "4.13.0",
      "resolved": "https://registry.npmjs.org/inversify/-/inversify-4.13.0.tgz",
      "integrity": "sha512-O5d8y7gKtyRwrvTLZzYET3kdFjqUy58sGpBYMARF13mzqDobpfBXVOPLH7HmnD2VR6Q+1HzZtslGvsdQfeb0SA=="
    },
    "reflect-metadata": {
      "version": "0.1.12",
      "resolved": "https://registry.npmjs.org/reflect-metadata/-/reflect-metadata-0.1.12.tgz",
      "integrity": "sha512-n+IyV+nGz3+0q3/Yf1ra12KpCyi001bi4XFxSjbiWWjfqb52iTTtpGXmCCAOWWIAn9KEuFZKGqBERHmrtScZ3A=="
    }
  }
}
